// !$*UTF8*$!
{
	archiveVersion = 1;
	classes = {
	};
	objectVersion = 77;
	objects = {

/* Begin PBXBuildFile section */
		0E4D4E1D2DEF828200E77437 /* MarkdownUI in Frameworks */ = {isa = PBXBuildFile; productRef = 0E4D4E1C2DEF828200E77437 /* MarkdownUI */; };
/* End PBXBuildFile section */

/* Begin PBXContainerItemProxy section */
		0ECB153C2DEE81FB000F2655 /* PBXContainerItemProxy */ = {
			isa = PBXContainerItemProxy;
			containerPortal = 0ECB15262DEE81FA000F2655 /* Project object */;
			proxyType = 1;
			remoteGlobalIDString = 0ECB152D2DEE81FA000F2655;
			remoteInfo = "swift-frontend";
		};
		0ECB15462DEE81FB000F2655 /* PBXContainerItemProxy */ = {
			isa = PBXContainerItemProxy;
			containerPortal = 0ECB15262DEE81FA000F2655 /* Project object */;
			proxyType = 1;
			remoteGlobalIDString = 0ECB152D2DEE81FA000F2655;
			remoteInfo = "swift-frontend";
		};
/* End PBXContainerItemProxy section */

/* Begin PBXFileReference section */
		0ECB152E2DEE81FA000F2655 /* swift-frontend.app */ = {isa = PBXFileReference; explicitFileType = wrapper.application; includeInIndex = 0; path = "swift-frontend.app"; sourceTree = BUILT_PRODUCTS_DIR; };
		0ECB153B2DEE81FB000F2655 /* swift-frontendTests.xctest */ = {isa = PBXFileReference; explicitFileType = wrapper.cfbundle; includeInIndex = 0; path = "swift-frontendTests.xctest"; sourceTree = BUILT_PRODUCTS_DIR; };
		0ECB15452DEE81FB000F2655 /* swift-frontendUITests.xctest */ = {isa = PBXFileReference; explicitFileType = wrapper.cfbundle; includeInIndex = 0; path = "swift-frontendUITests.xctest"; sourceTree = BUILT_PRODUCTS_DIR; };
/* End PBXFileReference section */

/* Begin PBXFileSystemSynchronizedBuildFileExceptionSet section */
		0EA71B602DEF792A00063409 /* Exceptions for "swift-frontend" folder in "swift-frontend" target */ = {
			isa = PBXFileSystemSynchronizedBuildFileExceptionSet;
			membershipExceptions = (
				Info.plist,
			);
			target = 0ECB152D2DEE81FA000F2655 /* swift-frontend */;
		};
/* End PBXFileSystemSynchronizedBuildFileExceptionSet section */

/* Begin PBXFileSystemSynchronizedRootGroup section */
		0ECB15302DEE81FA000F2655 /* swift-frontend */ = {
			isa = PBXFileSystemSynchronizedRootGroup;
			exceptions = (
				0EA71B602DEF792A00063409 /* Exceptions for "swift-frontend" folder in "swift-frontend" target */,
			);
			path = "swift-frontend";
			sourceTree = "<group>";
		};
		0ECB153E2DEE81FB000F2655 /* swift-frontendTests */ = {
			isa = PBXFileSystemSynchronizedRootGroup;
			path = "swift-frontendTests";
			sourceTree = "<group>";
		};
		0ECB15482DEE81FB000F2655 /* swift-frontendUITests */ = {
			isa = PBXFileSystemSynchronizedRootGroup;
			path = "swift-frontendUITests";
			sourceTree = "<group>";
		};
/* End PBXFileSystemSynchronizedRootGroup section */

/* Begin PBXFrameworksBuildPhase section */
		0ECB152B2DEE81FA000F2655 /* Frameworks */ = {
			isa = PBXFrameworksBuildPhase;
			buildActionMask = 2147483647;
			files = (
				0E4D4E1D2DEF828200E77437 /* MarkdownUI in Frameworks */,
			);
			runOnlyForDeploymentPostprocessing = 0;
		};
		0ECB15382DEE81FB000F2655 /* Frameworks */ = {
			isa = PBXFrameworksBuildPhase;
			buildActionMask = 2147483647;
			files = (
			);
			runOnlyForDeploymentPostprocessing = 0;
		};
		0ECB15422DEE81FB000F2655 /* Frameworks */ = {
			isa = PBXFrameworksBuildPhase;
			buildActionMask = 2147483647;
			files = (
			);
			runOnlyForDeploymentPostprocessing = 0;
		};
/* End PBXFrameworksBuildPhase section */

/* Begin PBXGroup section */
		0ECB15252DEE81FA000F2655 = {
			isa = PBXGroup;
			children = (
				0ECB15302DEE81FA000F2655 /* swift-frontend */,
				0ECB153E2DEE81FB000F2655 /* swift-frontendTests */,
				0ECB15482DEE81FB000F2655 /* swift-frontendUITests */,
				0ECB152F2DEE81FA000F2655 /* Products */,
			);
			sourceTree = "<group>";
		};
		0ECB152F2DEE81FA000F2655 /* Products */ = {
			isa = PBXGroup;
			children = (
				0ECB152E2DEE81FA000F2655 /* swift-frontend.app */,
				0ECB153B2DEE81FB000F2655 /* swift-frontendTests.xctest */,
				0ECB15452DEE81FB000F2655 /* swift-frontendUITests.xctest */,
			);
			name = Products;
			sourceTree = "<group>";
		};
/* End PBXGroup section */

/* Begin PBXNativeTarget section */
		0ECB152D2DEE81FA000F2655 /* swift-frontend */ = {
			isa = PBXNativeTarget;
			buildConfigurationList = 0ECB154F2DEE81FB000F2655 /* Build configuration list for PBXNativeTarget "swift-frontend" */;
			buildPhases = (
				0ECB152A2DEE81FA000F2655 /* Sources */,
				0ECB152B2DEE81FA000F2655 /* Frameworks */,
				0ECB152C2DEE81FA000F2655 /* Resources */,
			);
			buildRules = (
			);
			dependencies = (
			);
			fileSystemSynchronizedGroups = (
				0ECB15302DEE81FA000F2655 /* swift-frontend */,
			);
			name = "swift-frontend";
			packageProductDependencies = (
				0E4D4E1C2DEF828200E77437 /* MarkdownUI */,
			);
			productName = "swift-frontend";
			productReference = 0ECB152E2DEE81FA000F2655 /* swift-frontend.app */;
			productType = "com.apple.product-type.application";
		};
		0ECB153A2DEE81FB000F2655 /* swift-frontendTests */ = {
			isa = PBXNativeTarget;
			buildConfigurationList = 0ECB15522DEE81FB000F2655 /* Build configuration list for PBXNativeTarget "swift-frontendTests" */;
			buildPhases = (
				0ECB15372DEE81FB000F2655 /* Sources */,
				0ECB15382DEE81FB000F2655 /* Frameworks */,
				0ECB15392DEE81FB000F2655 /* Resources */,
			);
			buildRules = (
			);
			dependencies = (
				0ECB153D2DEE81FB000F2655 /* PBXTargetDependency */,
			);
			fileSystemSynchronizedGroups = (
				0ECB153E2DEE81FB000F2655 /* swift-frontendTests */,
			);
			name = "swift-frontendTests";
			packageProductDependencies = (
			);
			productName = "swift-frontendTests";
			productReference = 0ECB153B2DEE81FB000F2655 /* swift-frontendTests.xctest */;
			productType = "com.apple.product-type.bundle.unit-test";
		};
		0ECB15442DEE81FB000F2655 /* swift-frontendUITests */ = {
			isa = PBXNativeTarget;
			buildConfigurationList = 0ECB15552DEE81FB000F2655 /* Build configuration list for PBXNativeTarget "swift-frontendUITests" */;
			buildPhases = (
				0ECB15412DEE81FB000F2655 /* Sources */,
				0ECB15422DEE81FB000F2655 /* Frameworks */,
				0ECB15432DEE81FB000F2655 /* Resources */,
			);
			buildRules = (
			);
			dependencies = (
				0ECB15472DEE81FB000F2655 /* PBXTargetDependency */,
			);
			fileSystemSynchronizedGroups = (
				0ECB15482DEE81FB000F2655 /* swift-frontendUITests */,
			);
			name = "swift-frontendUITests";
			packageProductDependencies = (
			);
			productName = "swift-frontendUITests";
			productReference = 0ECB15452DEE81FB000F2655 /* swift-frontendUITests.xctest */;
			productType = "com.apple.product-type.bundle.ui-testing";
		};
/* End PBXNativeTarget section */

/* Begin PBXProject section */
		0ECB15262DEE81FA000F2655 /* Project object */ = {
			isa = PBXProject;
			attributes = {
				BuildIndependentTargetsInParallel = 1;
				LastSwiftUpdateCheck = 1630;
				LastUpgradeCheck = 1630;
				TargetAttributes = {
					0ECB152D2DEE81FA000F2655 = {
						CreatedOnToolsVersion = 16.3;
					};
					0ECB153A2DEE81FB000F2655 = {
						CreatedOnToolsVersion = 16.3;
						TestTargetID = 0ECB152D2DEE81FA000F2655;
					};
					0ECB15442DEE81FB000F2655 = {
						CreatedOnToolsVersion = 16.3;
						TestTargetID = 0ECB152D2DEE81FA000F2655;
					};
				};
			};
			buildConfigurationList = 0ECB15292DEE81FA000F2655 /* Build configuration list for PBXProject "swift-frontend" */;
			developmentRegion = en;
			hasScannedForEncodings = 0;
			knownRegions = (
				en,
				Base,
			);
			mainGroup = 0ECB15252DEE81FA000F2655;
			minimizedProjectReferenceProxies = 1;
			packageReferences = (
				0EA71B612DEF7DAF00063409 /* XCRemoteSwiftPackageReference "swift-markdown-ui" */,
			);
			preferredProjectObjectVersion = 77;
			productRefGroup = 0ECB152F2DEE81FA000F2655 /* Products */;
			projectDirPath = "";
			projectRoot = "";
			targets = (
				0ECB152D2DEE81FA000F2655 /* swift-frontend */,
				0ECB153A2DEE81FB000F2655 /* swift-frontendTests */,
				0ECB15442DEE81FB000F2655 /* swift-frontendUITests */,
			);
		};
/* End PBXProject section */

/* Begin PBXResourcesBuildPhase section */
		0ECB152C2DEE81FA000F2655 /* Resources */ = {
			isa = PBXResourcesBuildPhase;
			buildActionMask = 2147483647;
			files = (
			);
			runOnlyForDeploymentPostprocessing = 0;
		};
		0ECB15392DEE81FB000F2655 /* Resources */ = {
			isa = PBXResourcesBuildPhase;
			buildActionMask = 2147483647;
			files = (
			);
			runOnlyForDeploymentPostprocessing = 0;
		};
		0ECB15432DEE81FB000F2655 /* Resources */ = {
			isa = PBXResourcesBuildPhase;
			buildActionMask = 2147483647;
			files = (
			);
			runOnlyForDeploymentPostprocessing = 0;
		};
/* End PBXResourcesBuildPhase section */

/* Begin PBXSourcesBuildPhase section */
		0ECB152A2DEE81FA000F2655 /* Sources */ = {
			isa = PBXSourcesBuildPhase;
			buildActionMask = 2147483647;
			files = (
			);
			runOnlyForDeploymentPostprocessing = 0;
		};
		0ECB15372DEE81FB000F2655 /* Sources */ = {
			isa = PBXSourcesBuildPhase;
			buildActionMask = 2147483647;
			files = (
			);
			runOnlyForDeploymentPostprocessing = 0;
		};
		0ECB15412DEE81FB000F2655 /* Sources */ = {
			isa = PBXSourcesBuildPhase;
			buildActionMask = 2147483647;
			files = (
			);
			runOnlyForDeploymentPostprocessing = 0;
		};
/* End PBXSourcesBuildPhase section */

/* Begin PBXTargetDependency section */
		0ECB153D2DEE81FB000F2655 /* PBXTargetDependency */ = {
			isa = PBXTargetDependency;
			target = 0ECB152D2DEE81FA000F2655 /* swift-frontend */;
			targetProxy = 0ECB153C2DEE81FB000F2655 /* PBXContainerItemProxy */;
		};
		0ECB15472DEE81FB000F2655 /* PBXTargetDependency */ = {
			isa = PBXTargetDependency;
			target = 0ECB152D2DEE81FA000F2655 /* swift-frontend */;
			targetProxy = 0ECB15462DEE81FB000F2655 /* PBXContainerItemProxy */;
		};
/* End PBXTargetDependency section */

/* Begin XCBuildConfiguration section */
		0ECB154D2DEE81FB000F2655 /* Debug */ = {
			isa = XCBuildConfiguration;
			buildSettings = {
				ALWAYS_SEARCH_USER_PATHS = NO;
				ASSETCATALOG_COMPILER_GENERATE_SWIFT_ASSET_SYMBOL_EXTENSIONS = YES;
				CLANG_ANALYZER_NONNULL = YES;
				CLANG_ANALYZER_NUMBER_OBJECT_CONVERSION = YES_AGGRESSIVE;
				CLANG_CXX_LANGUAGE_STANDARD = "gnu++20";
				CLANG_ENABLE_MODULES = YES;
				CLANG_ENABLE_OBJC_ARC = YES;
				CLANG_ENABLE_OBJC_WEAK = YES;
				CLANG_WARN_BLOCK_CAPTURE_AUTORELEASING = YES;
				CLANG_WARN_BOOL_CONVERSION = YES;
				CLANG_WARN_COMMA = YES;
				CLANG_WARN_CONSTANT_CONVERSION = YES;
				CLANG_WARN_DEPRECATED_OBJC_IMPLEMENTATIONS = YES;
				CLANG_WARN_DIRECT_OBJC_ISA_USAGE = YES_ERROR;
				CLANG_WARN_DOCUMENTATION_COMMENTS = YES;
				CLANG_WARN_EMPTY_BODY = YES;
				CLANG_WARN_ENUM_CONVERSION = YES;
				CLANG_WARN_INFINITE_RECURSION = YES;
				CLANG_WARN_INT_CONVERSION = YES;
				CLANG_WARN_NON_LITERAL_NULL_CONVERSION = YES;
				CLANG_WARN_OBJC_IMPLICIT_RETAIN_SELF = YES;
				CLANG_WARN_OBJC_LITERAL_CONVERSION = YES;
				CLANG_WARN_OBJC_ROOT_CLASS = YES_ERROR;
				CLANG_WARN_QUOTED_INCLUDE_IN_FRAMEWORK_HEADER = YES;
				CLANG_WARN_RANGE_LOOP_ANALYSIS = YES;
				CLANG_WARN_STRICT_PROTOTYPES = YES;
				CLANG_WARN_SUSPICIOUS_MOVE = YES;
				CLANG_WARN_UNGUARDED_AVAILABILITY = YES_AGGRESSIVE;
				CLANG_WARN_UNREACHABLE_CODE = YES;
				CLANG_WARN__DUPLICATE_METHOD_MATCH = YES;
				COPY_PHASE_STRIP = NO;
				DEBUG_INFORMATION_FORMAT = dwarf;
				DEVELOPMENT_TEAM = P4AUUP4686;
				ENABLE_STRICT_OBJC_MSGSEND = YES;
				ENABLE_TESTABILITY = YES;
				ENABLE_USER_SCRIPT_SANDBOXING = YES;
				GCC_C_LANGUAGE_STANDARD = gnu17;
				GCC_DYNAMIC_NO_PIC = NO;
				GCC_NO_COMMON_BLOCKS = YES;
				GCC_OPTIMIZATION_LEVEL = 0;
				GCC_PREPROCESSOR_DEFINITIONS = (
					"DEBUG=1",
					"$(inherited)",
				);
				GCC_WARN_64_TO_32_BIT_CONVERSION = YES;
				GCC_WARN_ABOUT_RETURN_TYPE = YES_ERROR;
				GCC_WARN_UNDECLARED_SELECTOR = YES;
				GCC_WARN_UNINITIALIZED_AUTOS = YES_AGGRESSIVE;
				GCC_WARN_UNUSED_FUNCTION = YES;
				GCC_WARN_UNUSED_VARIABLE = YES;
				IPHONEOS_DEPLOYMENT_TARGET = 18.4;
				LOCALIZATION_PREFERS_STRING_CATALOGS = YES;
				MTL_ENABLE_DEBUG_INFO = INCLUDE_SOURCE;
				MTL_FAST_MATH = YES;
				ONLY_ACTIVE_ARCH = YES;
				SDKROOT = iphoneos;
				SWIFT_ACTIVE_COMPILATION_CONDITIONS = "DEBUG $(inherited)";
				SWIFT_OPTIMIZATION_LEVEL = "-Onone";
			};
			name = Debug;
		};
		0ECB154E2DEE81FB000F2655 /* Release */ = {
			isa = XCBuildConfiguration;
			buildSettings = {
				ALWAYS_SEARCH_USER_PATHS = NO;
				ASSETCATALOG_COMPILER_GENERATE_SWIFT_ASSET_SYMBOL_EXTENSIONS = YES;
				CLANG_ANALYZER_NONNULL = YES;
				CLANG_ANALYZER_NUMBER_OBJECT_CONVERSION = YES_AGGRESSIVE;
				CLANG_CXX_LANGUAGE_STANDARD = "gnu++20";
				CLANG_ENABLE_MODULES = YES;
				CLANG_ENABLE_OBJC_ARC = YES;
				CLANG_ENABLE_OBJC_WEAK = YES;
				CLANG_WARN_BLOCK_CAPTURE_AUTORELEASING = YES;
				CLANG_WARN_BOOL_CONVERSION = YES;
				CLANG_WARN_COMMA = YES;
				CLANG_WARN_CONSTANT_CONVERSION = YES;
				CLANG_WARN_DEPRECATED_OBJC_IMPLEMENTATIONS = YES;
				CLANG_WARN_DIRECT_OBJC_ISA_USAGE = YES_ERROR;
				CLANG_WARN_DOCUMENTATION_COMMENTS = YES;
				CLANG_WARN_EMPTY_BODY = YES;
				CLANG_WARN_ENUM_CONVERSION = YES;
				CLANG_WARN_INFINITE_RECURSION = YES;
				CLANG_WARN_INT_CONVERSION = YES;
				CLANG_WARN_NON_LITERAL_NULL_CONVERSION = YES;
				CLANG_WARN_OBJC_IMPLICIT_RETAIN_SELF = YES;
				CLANG_WARN_OBJC_LITERAL_CONVERSION = YES;
				CLANG_WARN_OBJC_ROOT_CLASS = YES_ERROR;
				CLANG_WARN_QUOTED_INCLUDE_IN_FRAMEWORK_HEADER = YES;
				CLANG_WARN_RANGE_LOOP_ANALYSIS = YES;
				CLANG_WARN_STRICT_PROTOTYPES = YES;
				CLANG_WARN_SUSPICIOUS_MOVE = YES;
				CLANG_WARN_UNGUARDED_AVAILABILITY = YES_AGGRESSIVE;
				CLANG_WARN_UNREACHABLE_CODE = YES;
				CLANG_WARN__DUPLICATE_METHOD_MATCH = YES;
				COPY_PHASE_STRIP = NO;
				DEBUG_INFORMATION_FORMAT = "dwarf-with-dsym";
				DEVELOPMENT_TEAM = P4AUUP4686;
				ENABLE_NS_ASSERTIONS = NO;
				ENABLE_STRICT_OBJC_MSGSEND = YES;
				ENABLE_USER_SCRIPT_SANDBOXING = YES;
				GCC_C_LANGUAGE_STANDARD = gnu17;
				GCC_NO_COMMON_BLOCKS = YES;
				GCC_WARN_64_TO_32_BIT_CONVERSION = YES;
				GCC_WARN_ABOUT_RETURN_TYPE = YES_ERROR;
				GCC_WARN_UNDECLARED_SELECTOR = YES;
				GCC_WARN_UNINITIALIZED_AUTOS = YES_AGGRESSIVE;
				GCC_WARN_UNUSED_FUNCTION = YES;
				GCC_WARN_UNUSED_VARIABLE = YES;
				IPHONEOS_DEPLOYMENT_TARGET = 18.4;
				LOCALIZATION_PREFERS_STRING_CATALOGS = YES;
				MTL_ENABLE_DEBUG_INFO = NO;
				MTL_FAST_MATH = YES;
				SDKROOT = iphoneos;
				SWIFT_COMPILATION_MODE = wholemodule;
				VALIDATE_PRODUCT = YES;
			};
			name = Release;
		};
		0ECB15502DEE81FB000F2655 /* Debug */ = {
			isa = XCBuildConfiguration;
			buildSettings = {
				ASSETCATALOG_COMPILER_APPICON_NAME = AppIcon;
				ASSETCATALOG_COMPILER_GLOBAL_ACCENT_COLOR_NAME = AccentColor;
				CODE_SIGN_STYLE = Automatic;
				CURRENT_PROJECT_VERSION = 1;
				DEVELOPMENT_TEAM = P4AUUP4686;
				ENABLE_PREVIEWS = YES;
				GENERATE_INFOPLIST_FILE = YES;
				INFOPLIST_FILE = "swift-frontend/Info.plist";
				INFOPLIST_KEY_UIApplicationSceneManifest_Generation = YES;
				INFOPLIST_KEY_UIApplicationSupportsIndirectInputEvents = YES;
				INFOPLIST_KEY_UILaunchScreen_Generation = YES;
				INFOPLIST_KEY_UISupportedInterfaceOrientations_iPad = "UIInterfaceOrientationPortrait UIInterfaceOrientationPortraitUpsideDown UIInterfaceOrientationLandscapeLeft UIInterfaceOrientationLandscapeRight";
				INFOPLIST_KEY_UISupportedInterfaceOrientations_iPhone = "UIInterfaceOrientationPortrait UIInterfaceOrientationLandscapeLeft UIInterfaceOrientationLandscapeRight";
				LD_RUNPATH_SEARCH_PATHS = (
					"$(inherited)",
					"@executable_path/Frameworks",
				);
				MARKETING_VERSION = 1.0;
				PRODUCT_BUNDLE_IDENTIFIER = "FrancisHuang.swift-frontend";
				PRODUCT_NAME = "$(TARGET_NAME)";
				SWIFT_EMIT_LOC_STRINGS = YES;
				SWIFT_VERSION = 5.0;
				TARGETED_DEVICE_FAMILY = "1,2";
			};
			name = Debug;
		};
		0ECB15512DEE81FB000F2655 /* Release */ = {
			isa = XCBuildConfiguration;
			buildSettings = {
				ASSETCATALOG_COMPILER_APPICON_NAME = AppIcon;
				ASSETCATALOG_COMPILER_GLOBAL_ACCENT_COLOR_NAME = AccentColor;
				CODE_SIGN_STYLE = Automatic;
				CURRENT_PROJECT_VERSION = 1;
				DEVELOPMENT_TEAM = P4AUUP4686;
				ENABLE_PREVIEWS = YES;
				GENERATE_INFOPLIST_FILE = YES;
				INFOPLIST_FILE = "swift-frontend/Info.plist";
				INFOPLIST_KEY_UIApplicationSceneManifest_Generation = YES;
				INFOPLIST_KEY_UIApplicationSupportsIndirectInputEvents = YES;
				INFOPLIST_KEY_UILaunchScreen_Generation = YES;
				INFOPLIST_KEY_UISupportedInterfaceOrientations_iPad = "UIInterfaceOrientationPortrait UIInterfaceOrientationPortraitUpsideDown UIInterfaceOrientationLandscapeLeft UIInterfaceOrientationLandscapeRight";
				INFOPLIST_KEY_UISupportedInterfaceOrientations_iPhone = "UIInterfaceOrientationPortrait UIInterfaceOrientationLandscapeLeft UIInterfaceOrientationLandscapeRight";
				LD_RUNPATH_SEARCH_PATHS = (
					"$(inherited)",
					"@executable_path/Frameworks",
				);
				MARKETING_VERSION = 1.0;
				PRODUCT_BUNDLE_IDENTIFIER = "FrancisHuang.swift-frontend";
				PRODUCT_NAME = "$(TARGET_NAME)";
				SWIFT_EMIT_LOC_STRINGS = YES;
				SWIFT_VERSION = 5.0;
				TARGETED_DEVICE_FAMILY = "1,2";
			};
			name = Release;
		};
		0ECB15532DEE81FB000F2655 /* Debug */ = {
			isa = XCBuildConfiguration;
			buildSettings = {
				BUNDLE_LOADER = "$(TEST_HOST)";
				CODE_SIGN_STYLE = Automatic;
				CURRENT_PROJECT_VERSION = 1;
				DEVELOPMENT_TEAM = P4AUUP4686;
				GENERATE_INFOPLIST_FILE = YES;
				IPHONEOS_DEPLOYMENT_TARGET = 18.4;
				MARKETING_VERSION = 1.0;
				PRODUCT_BUNDLE_IDENTIFIER = "FrancisHuang.swift-frontendTests";
				PRODUCT_NAME = "$(TARGET_NAME)";
				SWIFT_EMIT_LOC_STRINGS = NO;
				SWIFT_VERSION = 5.0;
				TARGETED_DEVICE_FAMILY = "1,2";
				TEST_HOST = "$(BUILT_PRODUCTS_DIR)/swift-frontend.app/$(BUNDLE_EXECUTABLE_FOLDER_PATH)/swift-frontend";
			};
			name = Debug;
		};
		0ECB15542DEE81FB000F2655 /* Release */ = {
			isa = XCBuildConfiguration;
			buildSettings = {
				BUNDLE_LOADER = "$(TEST_HOST)";
				CODE_SIGN_STYLE = Automatic;
				CURRENT_PROJECT_VERSION = 1;
				DEVELOPMENT_TEAM = P4AUUP4686;
				GENERATE_INFOPLIST_FILE = YES;
				IPHONEOS_DEPLOYMENT_TARGET = 18.4;
				MARKETING_VERSION = 1.0;
				PRODUCT_BUNDLE_IDENTIFIER = "FrancisHuang.swift-frontendTests";
				PRODUCT_NAME = "$(TARGET_NAME)";
				SWIFT_EMIT_LOC_STRINGS = NO;
				SWIFT_VERSION = 5.0;
				TARGETED_DEVICE_FAMILY = "1,2";
				TEST_HOST = "$(BUILT_PRODUCTS_DIR)/swift-frontend.app/$(BUNDLE_EXECUTABLE_FOLDER_PATH)/swift-frontend";
			};
			name = Release;
		};
		0ECB15562DEE81FB000F2655 /* Debug */ = {
			isa = XCBuildConfiguration;
			buildSettings = {
				CODE_SIGN_STYLE = Automatic;
				CURRENT_PROJECT_VERSION = 1;
				DEVELOPMENT_TEAM = P4AUUP4686;
				GENERATE_INFOPLIST_FILE = YES;
				MARKETING_VERSION = 1.0;
				PRODUCT_BUNDLE_IDENTIFIER = "FrancisHuang.swift-frontendUITests";
				PRODUCT_NAME = "$(TARGET_NAME)";
				SWIFT_EMIT_LOC_STRINGS = NO;
				SWIFT_VERSION = 5.0;
				TARGETED_DEVICE_FAMILY = "1,2";
				TEST_TARGET_NAME = "swift-frontend";
			};
			name = Debug;
		};
		0ECB15572DEE81FB000F2655 /* Release */ = {
			isa = XCBuildConfiguration;
			buildSettings = {
				CODE_SIGN_STYLE = Automatic;
				CURRENT_PROJECT_VERSION = 1;
				DEVELOPMENT_TEAM = P4AUUP4686;
				GENERATE_INFOPLIST_FILE = YES;
				MARKETING_VERSION = 1.0;
				PRODUCT_BUNDLE_IDENTIFIER = "FrancisHuang.swift-frontendUITests";
				PRODUCT_NAME = "$(TARGET_NAME)";
				SWIFT_EMIT_LOC_STRINGS = NO;
				SWIFT_VERSION = 5.0;
				TARGETED_DEVICE_FAMILY = "1,2";
				TEST_TARGET_NAME = "swift-frontend";
			};
			name = Release;
		};
/* End XCBuildConfiguration section */

/* Begin XCConfigurationList section */
		0ECB15292DEE81FA000F2655 /* Build configuration list for PBXProject "swift-frontend" */ = {
			isa = XCConfigurationList;
			buildConfigurations = (
				0ECB154D2DEE81FB000F2655 /* Debug */,
				0ECB154E2DEE81FB000F2655 /* Release */,
			);
			defaultConfigurationIsVisible = 0;
			defaultConfigurationName = Release;
		};
		0ECB154F2DEE81FB000F2655 /* Build configuration list for PBXNativeTarget "swift-frontend" */ = {
			isa = XCConfigurationList;
			buildConfigurations = (
				0ECB15502DEE81FB000F2655 /* Debug */,
				0ECB15512DEE81FB000F2655 /* Release */,
			);
			defaultConfigurationIsVisible = 0;
			defaultConfigurationName = Release;
		};
		0ECB15522DEE81FB000F2655 /* Build configuration list for PBXNativeTarget "swift-frontendTests" */ = {
			isa = XCConfigurationList;
			buildConfigurations = (
				0ECB15532DEE81FB000F2655 /* Debug */,
				0ECB15542DEE81FB000F2655 /* Release */,
			);
			defaultConfigurationIsVisible = 0;
			defaultConfigurationName = Release;
		};
		0ECB15552DEE81FB000F2655 /* Build configuration list for PBXNativeTarget "swift-frontendUITests" */ = {
			isa = XCConfigurationList;
			buildConfigurations = (
				0ECB15562DEE81FB000F2655 /* Debug */,
				0ECB15572DEE81FB000F2655 /* Release */,
			);
			defaultConfigurationIsVisible = 0;
			defaultConfigurationName = Release;
		};
/* End XCConfigurationList section */

/* Begin XCRemoteSwiftPackageReference section */
		0EA71B612DEF7DAF00063409 /* XCRemoteSwiftPackageReference "swift-markdown-ui" */ = {
			isa = XCRemoteSwiftPackageReference;
			repositoryURL = "https://github.com/gonzalezreal/swift-markdown-ui.git";
			requirement = {
				kind = upToNextMajorVersion;
				minimumVersion = 2.4.1;
			};
		};
/* End XCRemoteSwiftPackageReference section */

/* Begin XCSwiftPackageProductDependency section */
		0E4D4E1C2DEF828200E77437 /* MarkdownUI */ = {
			isa = XCSwiftPackageProductDependency;
			package = 0EA71B612DEF7DAF00063409 /* XCRemoteSwiftPackageReference "swift-markdown-ui" */;
			productName = MarkdownUI;
		};
/* End XCSwiftPackageProductDependency section */
	};
	rootObject = 0ECB15262DEE81FA000F2655 /* Project object */;
}
